
Microsoft Visual Studio Solution File, Format Version 12.00
# Visual Studio Version 17
VisualStudioVersion = 17.10.35004.147
MinimumVisualStudioVersion = 10.0.40219.1
Project("{FAE04EC0-301F-11D3-BF4B-00C04F79EFBC}") = "Employee_Manag_system", "Employee_Manag_system\Employee_Manag_system.csproj", "{613C7F49-B3A5-4EE9-8FCC-3FE034F46299}"
EndProject
Global
	GlobalSection(SolutionConfigurationPlatforms) = preSolution
		Debug|Any CPU = Debug|Any CPU
		Release|Any CPU = Release|Any CPU
	EndGlobalSection
	GlobalSection(ProjectConfigurationPlatforms) = postSolution
		{613C7F49-B3A5-4EE9-8FCC-3FE034F46299}.Debug|Any CPU.ActiveCfg = Debug|Any CPU
		{613C7F49-B3A5-4EE9-8FCC-3FE034F46299}.Debug|Any CPU.Build.0 = Debug|Any CPU
		{613C7F49-B3A5-4EE9-8FCC-3FE034F46299}.Release|Any CPU.ActiveCfg = Release|Any CPU
		{613C7F49-B3A5-4EE9-8FCC-3FE034F46299}.Release|Any CPU.Build.0 = Release|Any CPU
	EndGlobalSection
	GlobalSection(SolutionProperties) = preSolution
		HideSolutionNode = FALSE
	EndGlobalSection
	GlobalSection(ExtensibilityGlobals) = postSolution
		SolutionGuid = {210E1667-2675-4EF6-A50F-452E1206EFA9}
	EndGlobalSection
EndGlobal
